# THIS IS AN AUTOGENERATED FILE. DO NOT EDIT THIS FILE DIRECTLY.
# yarn lockfile v1


"@types/swagger-jsdoc@6.0.4":
  version "6.0.4"
  resolved "https://registry.yarnpkg.com/@types/swagger-jsdoc/-/swagger-jsdoc-6.0.4.tgz#bb4f60f3a5f103818e022f2e29ff8935113fb83d"
  integrity sha512-W+Xw5epcOZrF/AooUM/PccNMSAFOKWZA5dasNyMujTwsBkU74njSJBpvCCJhHAJ95XRMzQrrW844Btu0uoetwQ==
